
Microsoft Visual Studio Solution File, Format Version 12.00
# Visual Studio Version 16
VisualStudioVersion = 16.0.29306.81
MinimumVisualStudioVersion = 10.0.40219.1
Project("{FAE04EC0-301F-11D3-BF4B-00C04F79EFBC}") = "PeopleApp.Web", "PeopleApp.Web\PeopleApp.Web.csproj", "{6E8A1895-84D8-4317-83A0-BC75EF35C08E}"
EndProject
Project("{FAE04EC0-301F-11D3-BF4B-00C04F79EFBC}") = "PeopleApp.Core", "PeopleApp.Core\PeopleApp.Core.csproj", "{638A67F4-0565-491A-AFE5-E2778C10B4A8}"
EndProject
Project("{FAE04EC0-301F-11D3-BF4B-00C04F79EFBC}") = "PeopleApp.Infrastructure", "PeopleApp.Infrastructure\PeopleApp.Infrastructure.csproj", "{3C85B591-5E6E-4B7E-BF3E-B9F1392330F7}"
EndProject
Global
	GlobalSection(SolutionConfigurationPlatforms) = preSolution
		Debug|Any CPU = Debug|Any CPU
		Release|Any CPU = Release|Any CPU
	EndGlobalSection
	GlobalSection(ProjectConfigurationPlatforms) = postSolution
		{6E8A1895-84D8-4317-83A0-BC75EF35C08E}.Debug|Any CPU.ActiveCfg = Debug|Any CPU
		{6E8A1895-84D8-4317-83A0-BC75EF35C08E}.Debug|Any CPU.Build.0 = Debug|Any CPU
		{6E8A1895-84D8-4317-83A0-BC75EF35C08E}.Release|Any CPU.ActiveCfg = Release|Any CPU
		{6E8A1895-84D8-4317-83A0-BC75EF35C08E}.Release|Any CPU.Build.0 = Release|Any CPU
		{638A67F4-0565-491A-AFE5-E2778C10B4A8}.Debug|Any CPU.ActiveCfg = Debug|Any CPU
		{638A67F4-0565-491A-AFE5-E2778C10B4A8}.Debug|Any CPU.Build.0 = Debug|Any CPU
		{638A67F4-0565-491A-AFE5-E2778C10B4A8}.Release|Any CPU.ActiveCfg = Release|Any CPU
		{638A67F4-0565-491A-AFE5-E2778C10B4A8}.Release|Any CPU.Build.0 = Release|Any CPU
		{3C85B591-5E6E-4B7E-BF3E-B9F1392330F7}.Debug|Any CPU.ActiveCfg = Debug|Any CPU
		{3C85B591-5E6E-4B7E-BF3E-B9F1392330F7}.Debug|Any CPU.Build.0 = Debug|Any CPU
		{3C85B591-5E6E-4B7E-BF3E-B9F1392330F7}.Release|Any CPU.ActiveCfg = Release|Any CPU
		{3C85B591-5E6E-4B7E-BF3E-B9F1392330F7}.Release|Any CPU.Build.0 = Release|Any CPU
	EndGlobalSection
	GlobalSection(SolutionProperties) = preSolution
		HideSolutionNode = FALSE
	EndGlobalSection
	GlobalSection(ExtensibilityGlobals) = postSolution
		SolutionGuid = {116E8751-0AB5-4AFC-94E4-B26B1B55ACFA}
	EndGlobalSection
EndGlobal
